// !$*UTF8*$!
{
	archiveVersion = 1;
	classes = {
	};
	objectVersion = 46;
	objects = {

/* Begin PBXBuildFile section */
		6B659DD17B30E4135B538F83 /* libPods-DNApp2.a in Frameworks */ = {isa = PBXBuildFile; fileRef = 515360253B7E7F206D8B6B51 /* libPods-DNApp2.a */; };
		B61E32AB19FC2132001451D0 /* main.m in Sources */ = {isa = PBXBuildFile; fileRef = B61E32AA19FC2132001451D0 /* main.m */; };
		B61E32AE19FC2132001451D0 /* AppDelegate.m in Sources */ = {isa = PBXBuildFile; fileRef = B61E32AD19FC2132001451D0 /* AppDelegate.m */; };
		B61E32B119FC2132001451D0 /* ViewController.m in Sources */ = {isa = PBXBuildFile; fileRef = B61E32B019FC2132001451D0 /* ViewController.m */; };
		B61E32B419FC2132001451D0 /* Main.storyboard in Resources */ = {isa = PBXBuildFile; fileRef = B61E32B219FC2132001451D0 /* Main.storyboard */; };
		B61E32B619FC2132001451D0 /* Images.xcassets in Resources */ = {isa = PBXBuildFile; fileRef = B61E32B519FC2132001451D0 /* Images.xcassets */; };
		B61E32B919FC2132001451D0 /* LaunchScreen.xib in Resources */ = {isa = PBXBuildFile; fileRef = B61E32B719FC2132001451D0 /* LaunchScreen.xib */; };
		B61E32C519FC2132001451D0 /* DNApp2Tests.m in Sources */ = {isa = PBXBuildFile; fileRef = B61E32C419FC2132001451D0 /* DNApp2Tests.m */; };
		B66DAE0B19FDD406003F3D0A /* HomeViewController.m in Sources */ = {isa = PBXBuildFile; fileRef = B66DAE0A19FDD406003F3D0A /* HomeViewController.m */; };
		B66DAE0D19FDD5D1003F3D0A /* Launch.storyboard in Resources */ = {isa = PBXBuildFile; fileRef = B66DAE0C19FDD5D1003F3D0A /* Launch.storyboard */; };
/* End PBXBuildFile section */

/* Begin PBXContainerItemProxy section */
		B61E32BF19FC2132001451D0 /* PBXContainerItemProxy */ = {
			isa = PBXContainerItemProxy;
			containerPortal = B61E329D19FC2132001451D0 /* Project object */;
			proxyType = 1;
			remoteGlobalIDString = B61E32A419FC2132001451D0;
			remoteInfo = DNApp2;
		};
/* End PBXContainerItemProxy section */

/* Begin PBXFileReference section */
		0B3FB7B42F3E96F19C05CA00 /* Pods-DNApp2.release.xcconfig */ = {isa = PBXFileReference; includeInIndex = 1; lastKnownFileType = text.xcconfig; name = "Pods-DNApp2.release.xcconfig"; path = "Pods/Target Support Files/Pods-DNApp2/Pods-DNApp2.release.xcconfig"; sourceTree = "<group>"; };
		3D275349A0533C829ADDDCA7 /* Pods-DNApp2.debug.xcconfig */ = {isa = PBXFileReference; includeInIndex = 1; lastKnownFileType = text.xcconfig; name = "Pods-DNApp2.debug.xcconfig"; path = "Pods/Target Support Files/Pods-DNApp2/Pods-DNApp2.debug.xcconfig"; sourceTree = "<group>"; };
		515360253B7E7F206D8B6B51 /* libPods-DNApp2.a */ = {isa = PBXFileReference; explicitFileType = archive.ar; includeInIndex = 0; path = "libPods-DNApp2.a"; sourceTree = BUILT_PRODUCTS_DIR; };
		B61E32A519FC2132001451D0 /* DNApp2.app */ = {isa = PBXFileReference; explicitFileType = wrapper.application; includeInIndex = 0; path = DNApp2.app; sourceTree = BUILT_PRODUCTS_DIR; };
		B61E32A919FC2132001451D0 /* Info.plist */ = {isa = PBXFileReference; lastKnownFileType = text.plist.xml; path = Info.plist; sourceTree = "<group>"; };
		B61E32AA19FC2132001451D0 /* main.m */ = {isa = PBXFileReference; lastKnownFileType = sourcecode.c.objc; path = main.m; sourceTree = "<group>"; };
		B61E32AC19FC2132001451D0 /* AppDelegate.h */ = {isa = PBXFileReference; lastKnownFileType = sourcecode.c.h; path = AppDelegate.h; sourceTree = "<group>"; };
		B61E32AD19FC2132001451D0 /* AppDelegate.m */ = {isa = PBXFileReference; lastKnownFileType = sourcecode.c.objc; path = AppDelegate.m; sourceTree = "<group>"; };
		B61E32AF19FC2132001451D0 /* ViewController.h */ = {isa = PBXFileReference; lastKnownFileType = sourcecode.c.h; path = ViewController.h; sourceTree = "<group>"; };
		B61E32B019FC2132001451D0 /* ViewController.m */ = {isa = PBXFileReference; lastKnownFileType = sourcecode.c.objc; path = ViewController.m; sourceTree = "<group>"; };
		B61E32B319FC2132001451D0 /* Base */ = {isa = PBXFileReference; lastKnownFileType = file.storyboard; name = Base; path = Base.lproj/Main.storyboard; sourceTree = "<group>"; };
		B61E32B519FC2132001451D0 /* Images.xcassets */ = {isa = PBXFileReference; lastKnownFileType = folder.assetcatalog; path = Images.xcassets; sourceTree = "<group>"; };
		B61E32B819FC2132001451D0 /* Base */ = {isa = PBXFileReference; lastKnownFileType = file.xib; name = Base; path = Base.lproj/LaunchScreen.xib; sourceTree = "<group>"; };
		B61E32BE19FC2132001451D0 /* DNApp2Tests.xctest */ = {isa = PBXFileReference; explicitFileType = wrapper.cfbundle; includeInIndex = 0; path = DNApp2Tests.xctest; sourceTree = BUILT_PRODUCTS_DIR; };
		B61E32C319FC2132001451D0 /* Info.plist */ = {isa = PBXFileReference; lastKnownFileType = text.plist.xml; path = Info.plist; sourceTree = "<group>"; };
		B61E32C419FC2132001451D0 /* DNApp2Tests.m */ = {isa = PBXFileReference; lastKnownFileType = sourcecode.c.objc; path = DNApp2Tests.m; sourceTree = "<group>"; };
		B66DAE0919FDD406003F3D0A /* HomeViewController.h */ = {isa = PBXFileReference; fileEncoding = 4; lastKnownFileType = sourcecode.c.h; path = HomeViewController.h; sourceTree = "<group>"; };
		B66DAE0A19FDD406003F3D0A /* HomeViewController.m */ = {isa = PBXFileReference; fileEncoding = 4; lastKnownFileType = sourcecode.c.objc; path = HomeViewController.m; sourceTree = "<group>"; };
		B66DAE0C19FDD5D1003F3D0A /* Launch.storyboard */ = {isa = PBXFileReference; fileEncoding = 4; lastKnownFileType = file.storyboard; path = Launch.storyboard; sourceTree = "<group>"; };
/* End PBXFileReference section */

/* Begin PBXFrameworksBuildPhase section */
		B61E32A219FC2132001451D0 /* Frameworks */ = {
			isa = PBXFrameworksBuildPhase;
			buildActionMask = 2147483647;
			files = (
				6B659DD17B30E4135B538F83 /* libPods-DNApp2.a in Frameworks */,
			);
			runOnlyForDeploymentPostprocessing = 0;
		};
		B61E32BB19FC2132001451D0 /* Frameworks */ = {
			isa = PBXFrameworksBuildPhase;
			buildActionMask = 2147483647;
			files = (
			);
			runOnlyForDeploymentPostprocessing = 0;
		};
/* End PBXFrameworksBuildPhase section */

/* Begin PBXGroup section */
		A8379929400C235E4D63201B /* Frameworks */ = {
			isa = PBXGroup;
			children = (
				515360253B7E7F206D8B6B51 /* libPods-DNApp2.a */,
			);
			name = Frameworks;
			sourceTree = "<group>";
		};
		B61E329C19FC2132001451D0 = {
			isa = PBXGroup;
			children = (
				B61E32A719FC2132001451D0 /* DNApp2 */,
				B61E32C119FC2132001451D0 /* DNApp2Tests */,
				B61E32A619FC2132001451D0 /* Products */,
				BBC299B27323D02641528399 /* Pods */,
				A8379929400C235E4D63201B /* Frameworks */,
			);
			sourceTree = "<group>";
		};
		B61E32A619FC2132001451D0 /* Products */ = {
			isa = PBXGroup;
			children = (
				B61E32A519FC2132001451D0 /* DNApp2.app */,
				B61E32BE19FC2132001451D0 /* DNApp2Tests.xctest */,
			);
			name = Products;
			sourceTree = "<group>";
		};
		B61E32A719FC2132001451D0 /* DNApp2 */ = {
			isa = PBXGroup;
			children = (
				B61E32AC19FC2132001451D0 /* AppDelegate.h */,
				B61E32AD19FC2132001451D0 /* AppDelegate.m */,
				B61E32AF19FC2132001451D0 /* ViewController.h */,
				B61E32B019FC2132001451D0 /* ViewController.m */,
				B61E32B219FC2132001451D0 /* Main.storyboard */,
				B66DAE0C19FDD5D1003F3D0A /* Launch.storyboard */,
				B66DAE0919FDD406003F3D0A /* HomeViewController.h */,
				B66DAE0A19FDD406003F3D0A /* HomeViewController.m */,
				B61E32B519FC2132001451D0 /* Images.xcassets */,
				B61E32B719FC2132001451D0 /* LaunchScreen.xib */,
				B61E32A819FC2132001451D0 /* Supporting Files */,
			);
			path = DNApp2;
			sourceTree = "<group>";
		};
		B61E32A819FC2132001451D0 /* Supporting Files */ = {
			isa = PBXGroup;
			children = (
				B61E32A919FC2132001451D0 /* Info.plist */,
				B61E32AA19FC2132001451D0 /* main.m */,
			);
			name = "Supporting Files";
			sourceTree = "<group>";
		};
		B61E32C119FC2132001451D0 /* DNApp2Tests */ = {
			isa = PBXGroup;
			children = (
				B61E32C419FC2132001451D0 /* DNApp2Tests.m */,
				B61E32C219FC2132001451D0 /* Supporting Files */,
			);
			path = DNApp2Tests;
			sourceTree = "<group>";
		};
		B61E32C219FC2132001451D0 /* Supporting Files */ = {
			isa = PBXGroup;
			children = (
				B61E32C319FC2132001451D0 /* Info.plist */,
			);
			name = "Supporting Files";
			sourceTree = "<group>";
		};
		BBC299B27323D02641528399 /* Pods */ = {
			isa = PBXGroup;
			children = (
				3D275349A0533C829ADDDCA7 /* Pods-DNApp2.debug.xcconfig */,
				0B3FB7B42F3E96F19C05CA00 /* Pods-DNApp2.release.xcconfig */,
			);
			name = Pods;
			sourceTree = "<group>";
		};
/* End PBXGroup section */

/* Begin PBXNativeTarget section */
		B61E32A419FC2132001451D0 /* DNApp2 */ = {
			isa = PBXNativeTarget;
			buildConfigurationList = B61E32C819FC2132001451D0 /* Build configuration list for PBXNativeTarget "DNApp2" */;
			buildPhases = (
				AF942FC6D0B884B53914BCB1 /* Check Pods Manifest.lock */,
				B61E32A119FC2132001451D0 /* Sources */,
				B61E32A219FC2132001451D0 /* Frameworks */,
				B61E32A319FC2132001451D0 /* Resources */,
				206CD4D5DB3C36B5799F12AD /* Copy Pods Resources */,
			);
			buildRules = (
			);
			dependencies = (
			);
			name = DNApp2;
			productName = DNApp2;
			productReference = B61E32A519FC2132001451D0 /* DNApp2.app */;
			productType = "com.apple.product-type.application";
		};
		B61E32BD19FC2132001451D0 /* DNApp2Tests */ = {
			isa = PBXNativeTarget;
			buildConfigurationList = B61E32CB19FC2132001451D0 /* Build configuration list for PBXNativeTarget "DNApp2Tests" */;
			buildPhases = (
				B61E32BA19FC2132001451D0 /* Sources */,
				B61E32BB19FC2132001451D0 /* Frameworks */,
				B61E32BC19FC2132001451D0 /* Resources */,
			);
			buildRules = (
			);
			dependencies = (
				B61E32C019FC2132001451D0 /* PBXTargetDependency */,
			);
			name = DNApp2Tests;
			productName = DNApp2Tests;
			productReference = B61E32BE19FC2132001451D0 /* DNApp2Tests.xctest */;
			productType = "com.apple.product-type.bundle.unit-test";
		};
/* End PBXNativeTarget section */

/* Begin PBXProject section */
		B61E329D19FC2132001451D0 /* Project object */ = {
			isa = PBXProject;
			attributes = {
				LastUpgradeCheck = 0600;
				ORGANIZATIONNAME = "Kat Reilly";
				TargetAttributes = {
					B61E32A419FC2132001451D0 = {
						CreatedOnToolsVersion = 6.0.1;
					};
					B61E32BD19FC2132001451D0 = {
						CreatedOnToolsVersion = 6.0.1;
						TestTargetID = B61E32A419FC2132001451D0;
					};
				};
			};
			buildConfigurationList = B61E32A019FC2132001451D0 /* Build configuration list for PBXProject "DNApp2" */;
			compatibilityVersion = "Xcode 3.2";
			developmentRegion = English;
			hasScannedForEncodings = 0;
			knownRegions = (
				en,
				Base,
			);
			mainGroup = B61E329C19FC2132001451D0;
			productRefGroup = B61E32A619FC2132001451D0 /* Products */;
			projectDirPath = "";
			projectRoot = "";
			targets = (
				B61E32A419FC2132001451D0 /* DNApp2 */,
				B61E32BD19FC2132001451D0 /* DNApp2Tests */,
			);
		};
/* End PBXProject section */

/* Begin PBXResourcesBuildPhase section */
		B61E32A319FC2132001451D0 /* Resources */ = {
			isa = PBXResourcesBuildPhase;
			buildActionMask = 2147483647;
			files = (
				B61E32B419FC2132001451D0 /* Main.storyboard in Resources */,
				B61E32B919FC2132001451D0 /* LaunchScreen.xib in Resources */,
				B61E32B619FC2132001451D0 /* Images.xcassets in Resources */,
				B66DAE0D19FDD5D1003F3D0A /* Launch.storyboard in Resources */,
			);
			runOnlyForDeploymentPostprocessing = 0;
		};
		B61E32BC19FC2132001451D0 /* Resources */ = {
			isa = PBXResourcesBuildPhase;
			buildActionMask = 2147483647;
			files = (
			);
			runOnlyForDeploymentPostprocessing = 0;
		};
/* End PBXResourcesBuildPhase section */

/* Begin PBXShellScriptBuildPhase section */
		206CD4D5DB3C36B5799F12AD /* Copy Pods Resources */ = {
			isa = PBXShellScriptBuildPhase;
			buildActionMask = 2147483647;
			files = (
			);
			inputPaths = (
			);
			name = "Copy Pods Resources";
			outputPaths = (
			);
			runOnlyForDeploymentPostprocessing = 0;
			shellPath = /bin/sh;
			shellScript = "\"${SRCROOT}/Pods/Target Support Files/Pods-DNApp2/Pods-DNApp2-resources.sh\"\n";
			showEnvVarsInLog = 0;
		};
		AF942FC6D0B884B53914BCB1 /* Check Pods Manifest.lock */ = {
			isa = PBXShellScriptBuildPhase;
			buildActionMask = 2147483647;
			files = (
			);
			inputPaths = (
			);
			name = "Check Pods Manifest.lock";
			outputPaths = (
			);
			runOnlyForDeploymentPostprocessing = 0;
			shellPath = /bin/sh;
			shellScript = "diff \"${PODS_ROOT}/../Podfile.lock\" \"${PODS_ROOT}/Manifest.lock\" > /dev/null\nif [[ $? != 0 ]] ; then\n    cat << EOM\nerror: The sandbox is not in sync with the Podfile.lock. Run 'pod install' or update your CocoaPods installation.\nEOM\n    exit 1\nfi\n";
			showEnvVarsInLog = 0;
		};
/* End PBXShellScriptBuildPhase section */

/* Begin PBXSourcesBuildPhase section */
		B61E32A119FC2132001451D0 /* Sources */ = {
			isa = PBXSourcesBuildPhase;
			buildActionMask = 2147483647;
			files = (
				B61E32B119FC2132001451D0 /* ViewController.m in Sources */,
				B61E32AE19FC2132001451D0 /* AppDelegate.m in Sources */,
				B61E32AB19FC2132001451D0 /* main.m in Sources */,
				B66DAE0B19FDD406003F3D0A /* HomeViewController.m in Sources */,
			);
			runOnlyForDeploymentPostprocessing = 0;
		};
		B61E32BA19FC2132001451D0 /* Sources */ = {
			isa = PBXSourcesBuildPhase;
			buildActionMask = 2147483647;
			files = (
				B61E32C519FC2132001451D0 /* DNApp2Tests.m in Sources */,
			);
			runOnlyForDeploymentPostprocessing = 0;
		};
/* End PBXSourcesBuildPhase section */

/* Begin PBXTargetDependency section */
		B61E32C019FC2132001451D0 /* PBXTargetDependency */ = {
			isa = PBXTargetDependency;
			target = B61E32A419FC2132001451D0 /* DNApp2 */;
			targetProxy = B61E32BF19FC2132001451D0 /* PBXContainerItemProxy */;
		};
/* End PBXTargetDependency section */

/* Begin PBXVariantGroup section */
		B61E32B219FC2132001451D0 /* Main.storyboard */ = {
			isa = PBXVariantGroup;
			children = (
				B61E32B319FC2132001451D0 /* Base */,
			);
			name = Main.storyboard;
			sourceTree = "<group>";
		};
		B61E32B719FC2132001451D0 /* LaunchScreen.xib */ = {
			isa = PBXVariantGroup;
			children = (
				B61E32B819FC2132001451D0 /* Base */,
			);
			name = LaunchScreen.xib;
			sourceTree = "<group>";
		};
/* End PBXVariantGroup section */

/* Begin XCBuildConfiguration section */
		B61E32C619FC2132001451D0 /* Debug */ = {
			isa = XCBuildConfiguration;
			buildSettings = {
				ALWAYS_SEARCH_USER_PATHS = NO;
				CLANG_CXX_LANGUAGE_STANDARD = "gnu++0x";
				CLANG_CXX_LIBRARY = "libc++";
				CLANG_ENABLE_MODULES = YES;
				CLANG_ENABLE_OBJC_ARC = YES;
				CLANG_WARN_BOOL_CONVERSION = YES;
				CLANG_WARN_CONSTANT_CONVERSION = YES;
				CLANG_WARN_DIRECT_OBJC_ISA_USAGE = YES_ERROR;
				CLANG_WARN_EMPTY_BODY = YES;
				CLANG_WARN_ENUM_CONVERSION = YES;
				CLANG_WARN_INT_CONVERSION = YES;
				CLANG_WARN_OBJC_ROOT_CLASS = YES_ERROR;
				CLANG_WARN_UNREACHABLE_CODE = YES;
				CLANG_WARN__DUPLICATE_METHOD_MATCH = YES;
				"CODE_SIGN_IDENTITY[sdk=iphoneos*]" = "iPhone Developer";
				COPY_PHASE_STRIP = NO;
				ENABLE_STRICT_OBJC_MSGSEND = YES;
				GCC_C_LANGUAGE_STANDARD = gnu99;
				GCC_DYNAMIC_NO_PIC = NO;
				GCC_OPTIMIZATION_LEVEL = 0;
				GCC_PREPROCESSOR_DEFINITIONS = (
					"DEBUG=1",
					"$(inherited)",
				);
				GCC_SYMBOLS_PRIVATE_EXTERN = NO;
				GCC_WARN_64_TO_32_BIT_CONVERSION = YES;
				GCC_WARN_ABOUT_RETURN_TYPE = YES_ERROR;
				GCC_WARN_UNDECLARED_SELECTOR = YES;
				GCC_WARN_UNINITIALIZED_AUTOS = YES_AGGRESSIVE;
				GCC_WARN_UNUSED_FUNCTION = YES;
				GCC_WARN_UNUSED_VARIABLE = YES;
				IPHONEOS_DEPLOYMENT_TARGET = 8.0;
				MTL_ENABLE_DEBUG_INFO = YES;
				ONLY_ACTIVE_ARCH = YES;
				SDKROOT = iphoneos;
			};
			name = Debug;
		};
		B61E32C719FC2132001451D0 /* Release */ = {
			isa = XCBuildConfiguration;
			buildSettings = {
				ALWAYS_SEARCH_USER_PATHS = NO;
				CLANG_CXX_LANGUAGE_STANDARD = "gnu++0x";
				CLANG_CXX_LIBRARY = "libc++";
				CLANG_ENABLE_MODULES = YES;
				CLANG_ENABLE_OBJC_ARC = YES;
				CLANG_WARN_BOOL_CONVERSION = YES;
				CLANG_WARN_CONSTANT_CONVERSION = YES;
				CLANG_WARN_DIRECT_OBJC_ISA_USAGE = YES_ERROR;
				CLANG_WARN_EMPTY_BODY = YES;
				CLANG_WARN_ENUM_CONVERSION = YES;
				CLANG_WARN_INT_CONVERSION = YES;
				CLANG_WARN_OBJC_ROOT_CLASS = YES_ERROR;
				CLANG_WARN_UNREACHABLE_CODE = YES;
				CLANG_WARN__DUPLICATE_METHOD_MATCH = YES;
				"CODE_SIGN_IDENTITY[sdk=iphoneos*]" = "iPhone Developer";
				COPY_PHASE_STRIP = YES;
				ENABLE_NS_ASSERTIONS = NO;
				ENABLE_STRICT_OBJC_MSGSEND = YES;
				GCC_C_LANGUAGE_STANDARD = gnu99;
				GCC_WARN_64_TO_32_BIT_CONVERSION = YES;
				GCC_WARN_ABOUT_RETURN_TYPE = YES_ERROR;
				GCC_WARN_UNDECLARED_SELECTOR = YES;
				GCC_WARN_UNINITIALIZED_AUTOS = YES_AGGRESSIVE;
				GCC_WARN_UNUSED_FUNCTION = YES;
				GCC_WARN_UNUSED_VARIABLE = YES;
				IPHONEOS_DEPLOYMENT_TARGET = 8.0;
				MTL_ENABLE_DEBUG_INFO = NO;
				SDKROOT = iphoneos;
				VALIDATE_PRODUCT = YES;
			};
			name = Release;
		};
		B61E32C919FC2132001451D0 /* Debug */ = {
			isa = XCBuildConfiguration;
			baseConfigurationReference = 3D275349A0533C829ADDDCA7 /* Pods-DNApp2.debug.xcconfig */;
			buildSettings = {
				ASSETCATALOG_COMPILER_APPICON_NAME = AppIcon;
				INFOPLIST_FILE = DNApp2/Info.plist;
				LD_RUNPATH_SEARCH_PATHS = "$(inherited) @executable_path/Frameworks";
				PRODUCT_NAME = "$(TARGET_NAME)";
				TARGETED_DEVICE_FAMILY = "1,2";
			};
			name = Debug;
		};
		B61E32CA19FC2132001451D0 /* Release */ = {
			isa = XCBuildConfiguration;
			baseConfigurationReference = 0B3FB7B42F3E96F19C05CA00 /* Pods-DNApp2.release.xcconfig */;
			buildSettings = {
				ASSETCATALOG_COMPILER_APPICON_NAME = AppIcon;
				INFOPLIST_FILE = DNApp2/Info.plist;
				LD_RUNPATH_SEARCH_PATHS = "$(inherited) @executable_path/Frameworks";
				PRODUCT_NAME = "$(TARGET_NAME)";
				TARGETED_DEVICE_FAMILY = "1,2";
			};
			name = Release;
		};
		B61E32CC19FC2132001451D0 /* Debug */ = {
			isa = XCBuildConfiguration;
			buildSettings = {
				BUNDLE_LOADER = "$(TEST_HOST)";
				FRAMEWORK_SEARCH_PATHS = (
					"$(SDKROOT)/Developer/Library/Frameworks",
					"$(inherited)",
				);
				GCC_PREPROCESSOR_DEFINITIONS = (
					"DEBUG=1",
					"$(inherited)",
				);
				INFOPLIST_FILE = DNApp2Tests/Info.plist;
				LD_RUNPATH_SEARCH_PATHS = "$(inherited) @executable_path/Frameworks @loader_path/Frameworks";
				PRODUCT_NAME = "$(TARGET_NAME)";
				TEST_HOST = "$(BUILT_PRODUCTS_DIR)/DNApp2.app/DNApp2";
			};
			name = Debug;
		};
		B61E32CD19FC2132001451D0 /* Release */ = {
			isa = XCBuildConfiguration;
			buildSettings = {
				BUNDLE_LOADER = "$(TEST_HOST)";
				FRAMEWORK_SEARCH_PATHS = (
					"$(SDKROOT)/Developer/Library/Frameworks",
					"$(inherited)",
				);
				INFOPLIST_FILE = DNApp2Tests/Info.plist;
				LD_RUNPATH_SEARCH_PATHS = "$(inherited) @executable_path/Frameworks @loader_path/Frameworks";
				PRODUCT_NAME = "$(TARGET_NAME)";
				TEST_HOST = "$(BUILT_PRODUCTS_DIR)/DNApp2.app/DNApp2";
			};
			name = Release;
		};
/* End XCBuildConfiguration section */

/* Begin XCConfigurationList section */
		B61E32A019FC2132001451D0 /* Build configuration list for PBXProject "DNApp2" */ = {
			isa = XCConfigurationList;
			buildConfigurations = (
				B61E32C619FC2132001451D0 /* Debug */,
				B61E32C719FC2132001451D0 /* Release */,
			);
			defaultConfigurationIsVisible = 0;
			defaultConfigurationName = Release;
		};
		B61E32C819FC2132001451D0 /* Build configuration list for PBXNativeTarget "DNApp2" */ = {
			isa = XCConfigurationList;
			buildConfigurations = (
				B61E32C919FC2132001451D0 /* Debug */,
				B61E32CA19FC2132001451D0 /* Release */,
			);
			defaultConfigurationIsVisible = 0;
			defaultConfigurationName = Release;
		};
		B61E32CB19FC2132001451D0 /* Build configuration list for PBXNativeTarget "DNApp2Tests" */ = {
			isa = XCConfigurationList;
			buildConfigurations = (
				B61E32CC19FC2132001451D0 /* Debug */,
				B61E32CD19FC2132001451D0 /* Release */,
			);
			defaultConfigurationIsVisible = 0;
			defaultConfigurationName = Release;
		};
/* End XCConfigurationList section */
	};
	rootObject = B61E329D19FC2132001451D0 /* Project object */;
}
